
Microsoft Visual Studio Solution File, Format Version 12.00
# Visual Studio Version 17
VisualStudioVersion = 17.4.33213.308
MinimumVisualStudioVersion = 10.0.40219.1
Project("{FAE04EC0-301F-11D3-BF4B-00C04F79EFBC}") = "DoctorWebForum", "DoctorWebForum\DoctorWebForum.csproj", "{7C457B9C-EF75-42F9-90DA-11617A701E0D}"
EndProject
Global
	GlobalSection(SolutionConfigurationPlatforms) = preSolution
		Debug|Any CPU = Debug|Any CPU
		Release|Any CPU = Release|Any CPU
	EndGlobalSection
	GlobalSection(ProjectConfigurationPlatforms) = postSolution
		{7C457B9C-EF75-42F9-90DA-11617A701E0D}.Debug|Any CPU.ActiveCfg = Debug|Any CPU
		{7C457B9C-EF75-42F9-90DA-11617A701E0D}.Debug|Any CPU.Build.0 = Debug|Any CPU
		{7C457B9C-EF75-42F9-90DA-11617A701E0D}.Release|Any CPU.ActiveCfg = Release|Any CPU
		{7C457B9C-EF75-42F9-90DA-11617A701E0D}.Release|Any CPU.Build.0 = Release|Any CPU
	EndGlobalSection
	GlobalSection(SolutionProperties) = preSolution
		HideSolutionNode = FALSE
	EndGlobalSection
	GlobalSection(ExtensibilityGlobals) = postSolution
		SolutionGuid = {77EC98BC-27AC-4AA9-A35E-535B73506E83}
	EndGlobalSection
EndGlobal
